
Microsoft Visual Studio Solution File, Format Version 12.00
# Visual Studio Version 17
VisualStudioVersion = 17.5.002.0
MinimumVisualStudioVersion = 10.0.40219.1
Project("{9A19103F-16F7-4668-BE54-9A1E7A4F7556}") = "Problema1", "Problema1.csproj", "{6F947EA5-4CC2-478D-BFAB-D6ABFA8F70EC}"
EndProject
Global
	GlobalSection(SolutionConfigurationPlatforms) = preSolution
		Debug|Any CPU = Debug|Any CPU
		Release|Any CPU = Release|Any CPU
	EndGlobalSection
	GlobalSection(ProjectConfigurationPlatforms) = postSolution
		{6F947EA5-4CC2-478D-BFAB-D6ABFA8F70EC}.Debug|Any CPU.ActiveCfg = Debug|Any CPU
		{6F947EA5-4CC2-478D-BFAB-D6ABFA8F70EC}.Debug|Any CPU.Build.0 = Debug|Any CPU
		{6F947EA5-4CC2-478D-BFAB-D6ABFA8F70EC}.Release|Any CPU.ActiveCfg = Release|Any CPU
		{6F947EA5-4CC2-478D-BFAB-D6ABFA8F70EC}.Release|Any CPU.Build.0 = Release|Any CPU
	EndGlobalSection
	GlobalSection(SolutionProperties) = preSolution
		HideSolutionNode = FALSE
	EndGlobalSection
	GlobalSection(ExtensibilityGlobals) = postSolution
		SolutionGuid = {7864190D-BE0F-4ED8-8DD9-2352292C5267}
	EndGlobalSection
EndGlobal
