
Microsoft Visual Studio Solution File, Format Version 12.00
# Visual Studio Version 17
VisualStudioVersion = 17.5.002.0
MinimumVisualStudioVersion = 10.0.40219.1
Project("{9A19103F-16F7-4668-BE54-9A1E7A4F7556}") = "Problema2", "Problema2.csproj", "{E2D05BCA-CC78-4EE3-8A3C-D35442CAE395}"
EndProject
Global
	GlobalSection(SolutionConfigurationPlatforms) = preSolution
		Debug|Any CPU = Debug|Any CPU
		Release|Any CPU = Release|Any CPU
	EndGlobalSection
	GlobalSection(ProjectConfigurationPlatforms) = postSolution
		{E2D05BCA-CC78-4EE3-8A3C-D35442CAE395}.Debug|Any CPU.ActiveCfg = Debug|Any CPU
		{E2D05BCA-CC78-4EE3-8A3C-D35442CAE395}.Debug|Any CPU.Build.0 = Debug|Any CPU
		{E2D05BCA-CC78-4EE3-8A3C-D35442CAE395}.Release|Any CPU.ActiveCfg = Release|Any CPU
		{E2D05BCA-CC78-4EE3-8A3C-D35442CAE395}.Release|Any CPU.Build.0 = Release|Any CPU
	EndGlobalSection
	GlobalSection(SolutionProperties) = preSolution
		HideSolutionNode = FALSE
	EndGlobalSection
	GlobalSection(ExtensibilityGlobals) = postSolution
		SolutionGuid = {CCC65507-9034-42E2-92D9-3975B3E48953}
	EndGlobalSection
EndGlobal
